// !$*UTF8*$!
{
	archiveVersion = 1;
	classes = {
	};
	objectVersion = 50;
	objects = {

/* Begin PBXBuildFile section */
		702E03A72562DBAB006CFB22 /* WeatherDetailsView.swift in Sources */ = {isa = PBXBuildFile; fileRef = 702E03A62562DBAB006CFB22 /* WeatherDetailsView.swift */; };
		702E03B12562E373006CFB22 /* HomeViewModel.swift in Sources */ = {isa = PBXBuildFile; fileRef = 702E03B02562E373006CFB22 /* HomeViewModel.swift */; };
		702E03B42562E3A4006CFB22 /* HomeModel.swift in Sources */ = {isa = PBXBuildFile; fileRef = 702E03B32562E3A4006CFB22 /* HomeModel.swift */; };
		702E03BC2562E4CE006CFB22 /* Services.swift in Sources */ = {isa = PBXBuildFile; fileRef = 702E03BB2562E4CE006CFB22 /* Services.swift */; };
		702E03C02562E4F8006CFB22 /* ServiceNetworkLayer.swift in Sources */ = {isa = PBXBuildFile; fileRef = 702E03BF2562E4F8006CFB22 /* ServiceNetworkLayer.swift */; };
		702E03C32562E51F006CFB22 /* ServiceNetworkTools.swift in Sources */ = {isa = PBXBuildFile; fileRef = 702E03C22562E51F006CFB22 /* ServiceNetworkTools.swift */; };
		702E03C62562E539006CFB22 /* ServiceNetworkProtocol.swift in Sources */ = {isa = PBXBuildFile; fileRef = 702E03C52562E539006CFB22 /* ServiceNetworkProtocol.swift */; };
		702E03C92562E556006CFB22 /* HttpNetwork.swift in Sources */ = {isa = PBXBuildFile; fileRef = 702E03C82562E556006CFB22 /* HttpNetwork.swift */; };
		706FB0DB2562B51800ACF3E0 /* AppDelegate.swift in Sources */ = {isa = PBXBuildFile; fileRef = 706FB0DA2562B51800ACF3E0 /* AppDelegate.swift */; };
		706FB0DD2562B51800ACF3E0 /* SceneDelegate.swift in Sources */ = {isa = PBXBuildFile; fileRef = 706FB0DC2562B51800ACF3E0 /* SceneDelegate.swift */; };
		706FB0E52562B51800ACF3E0 /* WeatherShow.xcdatamodeld in Sources */ = {isa = PBXBuildFile; fileRef = 706FB0E32562B51800ACF3E0 /* WeatherShow.xcdatamodeld */; };
		706FB0E72562B51900ACF3E0 /* Assets.xcassets in Resources */ = {isa = PBXBuildFile; fileRef = 706FB0E62562B51900ACF3E0 /* Assets.xcassets */; };
		706FB0EA2562B51900ACF3E0 /* LaunchScreen.storyboard in Resources */ = {isa = PBXBuildFile; fileRef = 706FB0E82562B51900ACF3E0 /* LaunchScreen.storyboard */; };
		706FB0F82562B7ED00ACF3E0 /* UserInfoVC.swift in Sources */ = {isa = PBXBuildFile; fileRef = 706FB0F72562B7ED00ACF3E0 /* UserInfoVC.swift */; };
		706FB0FD2562BB6600ACF3E0 /* UIView Constraint.swift in Sources */ = {isa = PBXBuildFile; fileRef = 706FB0FC2562BB6600ACF3E0 /* UIView Constraint.swift */; };
		706FB1012562BB8C00ACF3E0 /* Setting.swift in Sources */ = {isa = PBXBuildFile; fileRef = 706FB1002562BB8C00ACF3E0 /* Setting.swift */; };
		706FB1052562BD5300ACF3E0 /* UIView Controller.swift in Sources */ = {isa = PBXBuildFile; fileRef = 706FB1042562BD5300ACF3E0 /* UIView Controller.swift */; };
		706FB10A2562C0F400ACF3E0 /* WeatherInfoVC.swift in Sources */ = {isa = PBXBuildFile; fileRef = 706FB1092562C0F400ACF3E0 /* WeatherInfoVC.swift */; };
		706FB10F2562CD1500ACF3E0 /* CardDetailsView.swift in Sources */ = {isa = PBXBuildFile; fileRef = 706FB10E2562CD1500ACF3E0 /* CardDetailsView.swift */; };
		7072CFC52563FB1400D25AD6 /* HomeVC.swift in Sources */ = {isa = PBXBuildFile; fileRef = 706FB0DE2562B51800ACF3E0 /* HomeVC.swift */; };
		70A84F4D256401620039594D /* Date Extention.swift in Sources */ = {isa = PBXBuildFile; fileRef = 70A84F4C256401620039594D /* Date Extention.swift */; };
		70A84F5625641A2C0039594D /* DataManagement.swift in Sources */ = {isa = PBXBuildFile; fileRef = 70A84F5525641A2C0039594D /* DataManagement.swift */; };
		70A84F5C25641BDB0039594D /* HistoryVC.swift in Sources */ = {isa = PBXBuildFile; fileRef = 70A84F5B25641BDB0039594D /* HistoryVC.swift */; };
		70A84F6125641C880039594D /* HistoryCollectionViewCell.swift in Sources */ = {isa = PBXBuildFile; fileRef = 70A84F6025641C880039594D /* HistoryCollectionViewCell.swift */; };
		70A84F6425641D050039594D /* HistoryCollectionView.swift in Sources */ = {isa = PBXBuildFile; fileRef = 70A84F6325641D050039594D /* HistoryCollectionView.swift */; };
		70A84F6A25641DDC0039594D /* HistoryViewModel.swift in Sources */ = {isa = PBXBuildFile; fileRef = 70A84F6925641DDC0039594D /* HistoryViewModel.swift */; };
/* End PBXBuildFile section */

/* Begin PBXFileReference section */
		702E03A62562DBAB006CFB22 /* WeatherDetailsView.swift */ = {isa = PBXFileReference; lastKnownFileType = sourcecode.swift; path = WeatherDetailsView.swift; sourceTree = "<group>"; };
		702E03B02562E373006CFB22 /* HomeViewModel.swift */ = {isa = PBXFileReference; lastKnownFileType = sourcecode.swift; path = HomeViewModel.swift; sourceTree = "<group>"; };
		702E03B32562E3A4006CFB22 /* HomeModel.swift */ = {isa = PBXFileReference; lastKnownFileType = sourcecode.swift; path = HomeModel.swift; sourceTree = "<group>"; };
		702E03BB2562E4CE006CFB22 /* Services.swift */ = {isa = PBXFileReference; lastKnownFileType = sourcecode.swift; path = Services.swift; sourceTree = "<group>"; };
		702E03BF2562E4F8006CFB22 /* ServiceNetworkLayer.swift */ = {isa = PBXFileReference; lastKnownFileType = sourcecode.swift; path = ServiceNetworkLayer.swift; sourceTree = "<group>"; };
		702E03C22562E51F006CFB22 /* ServiceNetworkTools.swift */ = {isa = PBXFileReference; lastKnownFileType = sourcecode.swift; path = ServiceNetworkTools.swift; sourceTree = "<group>"; };
		702E03C52562E539006CFB22 /* ServiceNetworkProtocol.swift */ = {isa = PBXFileReference; lastKnownFileType = sourcecode.swift; path = ServiceNetworkProtocol.swift; sourceTree = "<group>"; };
		702E03C82562E556006CFB22 /* HttpNetwork.swift */ = {isa = PBXFileReference; lastKnownFileType = sourcecode.swift; path = HttpNetwork.swift; sourceTree = "<group>"; };
		706FB0D72562B51800ACF3E0 /* WeatherShow.app */ = {isa = PBXFileReference; explicitFileType = wrapper.application; includeInIndex = 0; path = WeatherShow.app; sourceTree = BUILT_PRODUCTS_DIR; };
		706FB0DA2562B51800ACF3E0 /* AppDelegate.swift */ = {isa = PBXFileReference; lastKnownFileType = sourcecode.swift; path = AppDelegate.swift; sourceTree = "<group>"; };
		706FB0DC2562B51800ACF3E0 /* SceneDelegate.swift */ = {isa = PBXFileReference; lastKnownFileType = sourcecode.swift; path = SceneDelegate.swift; sourceTree = "<group>"; };
		706FB0DE2562B51800ACF3E0 /* HomeVC.swift */ = {isa = PBXFileReference; lastKnownFileType = sourcecode.swift; path = HomeVC.swift; sourceTree = "<group>"; };
		706FB0E42562B51800ACF3E0 /* WeatherShow.xcdatamodel */ = {isa = PBXFileReference; lastKnownFileType = wrapper.xcdatamodel; path = WeatherShow.xcdatamodel; sourceTree = "<group>"; };
		706FB0E62562B51900ACF3E0 /* Assets.xcassets */ = {isa = PBXFileReference; lastKnownFileType = folder.assetcatalog; path = Assets.xcassets; sourceTree = "<group>"; };
		706FB0E92562B51900ACF3E0 /* Base */ = {isa = PBXFileReference; lastKnownFileType = file.storyboard; name = Base; path = Base.lproj/LaunchScreen.storyboard; sourceTree = "<group>"; };
		706FB0EB2562B51900ACF3E0 /* Info.plist */ = {isa = PBXFileReference; lastKnownFileType = text.plist.xml; path = Info.plist; sourceTree = "<group>"; };
		706FB0F72562B7ED00ACF3E0 /* UserInfoVC.swift */ = {isa = PBXFileReference; lastKnownFileType = sourcecode.swift; path = UserInfoVC.swift; sourceTree = "<group>"; };
		706FB0FC2562BB6600ACF3E0 /* UIView Constraint.swift */ = {isa = PBXFileReference; lastKnownFileType = sourcecode.swift; path = "UIView Constraint.swift"; sourceTree = "<group>"; };
		706FB1002562BB8C00ACF3E0 /* Setting.swift */ = {isa = PBXFileReference; lastKnownFileType = sourcecode.swift; path = Setting.swift; sourceTree = "<group>"; };
		706FB1042562BD5300ACF3E0 /* UIView Controller.swift */ = {isa = PBXFileReference; lastKnownFileType = sourcecode.swift; path = "UIView Controller.swift"; sourceTree = "<group>"; };
		706FB1092562C0F400ACF3E0 /* WeatherInfoVC.swift */ = {isa = PBXFileReference; lastKnownFileType = sourcecode.swift; path = WeatherInfoVC.swift; sourceTree = "<group>"; };
		706FB10E2562CD1500ACF3E0 /* CardDetailsView.swift */ = {isa = PBXFileReference; lastKnownFileType = sourcecode.swift; path = CardDetailsView.swift; sourceTree = "<group>"; };
		70A84F4C256401620039594D /* Date Extention.swift */ = {isa = PBXFileReference; lastKnownFileType = sourcecode.swift; path = "Date Extention.swift"; sourceTree = "<group>"; };
		70A84F5525641A2C0039594D /* DataManagement.swift */ = {isa = PBXFileReference; lastKnownFileType = sourcecode.swift; path = DataManagement.swift; sourceTree = "<group>"; };
		70A84F5B25641BDB0039594D /* HistoryVC.swift */ = {isa = PBXFileReference; lastKnownFileType = sourcecode.swift; path = HistoryVC.swift; sourceTree = "<group>"; };
		70A84F6025641C880039594D /* HistoryCollectionViewCell.swift */ = {isa = PBXFileReference; lastKnownFileType = sourcecode.swift; path = HistoryCollectionViewCell.swift; sourceTree = "<group>"; };
		70A84F6325641D050039594D /* HistoryCollectionView.swift */ = {isa = PBXFileReference; lastKnownFileType = sourcecode.swift; path = HistoryCollectionView.swift; sourceTree = "<group>"; };
		70A84F6925641DDC0039594D /* HistoryViewModel.swift */ = {isa = PBXFileReference; lastKnownFileType = sourcecode.swift; path = HistoryViewModel.swift; sourceTree = "<group>"; };
/* End PBXFileReference section */

/* Begin PBXFrameworksBuildPhase section */
		706FB0D42562B51800ACF3E0 /* Frameworks */ = {
			isa = PBXFrameworksBuildPhase;
			buildActionMask = 2147483647;
			files = (
			);
			runOnlyForDeploymentPostprocessing = 0;
		};
/* End PBXFrameworksBuildPhase section */

/* Begin PBXGroup section */
		702E03AD2562E2B9006CFB22 /* Sence */ = {
			isa = PBXGroup;
			children = (
				7072CFC22563FAA500D25AD6 /* Home */,
				70A84F6625641DB10039594D /* History */,
			);
			path = Sence;
			sourceTree = "<group>";
		};
		702E03B62562E402006CFB22 /* Network Services */ = {
			isa = PBXGroup;
			children = (
				702E03BB2562E4CE006CFB22 /* Services.swift */,
				702E03BF2562E4F8006CFB22 /* ServiceNetworkLayer.swift */,
				702E03C22562E51F006CFB22 /* ServiceNetworkTools.swift */,
				702E03C52562E539006CFB22 /* ServiceNetworkProtocol.swift */,
				702E03C82562E556006CFB22 /* HttpNetwork.swift */,
			);
			path = "Network Services";
			sourceTree = "<group>";
		};
		706FB0CE2562B51800ACF3E0 = {
			isa = PBXGroup;
			children = (
				706FB0D92562B51800ACF3E0 /* WeatherShow */,
				706FB0D82562B51800ACF3E0 /* Products */,
			);
			sourceTree = "<group>";
		};
		706FB0D82562B51800ACF3E0 /* Products */ = {
			isa = PBXGroup;
			children = (
				706FB0D72562B51800ACF3E0 /* WeatherShow.app */,
			);
			name = Products;
			sourceTree = "<group>";
		};
		706FB0D92562B51800ACF3E0 /* WeatherShow */ = {
			isa = PBXGroup;
			children = (
				70A84F5425641A1E0039594D /* Core Data */,
				702E03B62562E402006CFB22 /* Network Services */,
				706FB10D2562CCE200ACF3E0 /* ReusableViews */,
				706FB0FF2562BB8100ACF3E0 /* Setting */,
				706FB0FB2562BB2100ACF3E0 /* Utils Extention */,
				702E03AD2562E2B9006CFB22 /* Sence */,
				706FB0DA2562B51800ACF3E0 /* AppDelegate.swift */,
				706FB0DC2562B51800ACF3E0 /* SceneDelegate.swift */,
				706FB0E62562B51900ACF3E0 /* Assets.xcassets */,
				706FB0E82562B51900ACF3E0 /* LaunchScreen.storyboard */,
				706FB0EB2562B51900ACF3E0 /* Info.plist */,
				706FB0E32562B51800ACF3E0 /* WeatherShow.xcdatamodeld */,
			);
			path = WeatherShow;
			sourceTree = "<group>";
		};
		706FB0F22562B72500ACF3E0 /* Model */ = {
			isa = PBXGroup;
			children = (
				702E03B32562E3A4006CFB22 /* HomeModel.swift */,
			);
			path = Model;
			sourceTree = "<group>";
		};
		706FB0F32562B72D00ACF3E0 /* View */ = {
			isa = PBXGroup;
			children = (
				706FB0DE2562B51800ACF3E0 /* HomeVC.swift */,
				706FB0F62562B7BC00ACF3E0 /* ChildVCs */,
			);
			path = View;
			sourceTree = "<group>";
		};
		706FB0F42562B73600ACF3E0 /* ViewModel */ = {
			isa = PBXGroup;
			children = (
				702E03B02562E373006CFB22 /* HomeViewModel.swift */,
			);
			path = ViewModel;
			sourceTree = "<group>";
		};
		706FB0F62562B7BC00ACF3E0 /* ChildVCs */ = {
			isa = PBXGroup;
			children = (
				706FB0F72562B7ED00ACF3E0 /* UserInfoVC.swift */,
				706FB1092562C0F400ACF3E0 /* WeatherInfoVC.swift */,
			);
			path = ChildVCs;
			sourceTree = "<group>";
		};
		706FB0FB2562BB2100ACF3E0 /* Utils Extention */ = {
			isa = PBXGroup;
			children = (
				706FB0FC2562BB6600ACF3E0 /* UIView Constraint.swift */,
				706FB1042562BD5300ACF3E0 /* UIView Controller.swift */,
				70A84F4C256401620039594D /* Date Extention.swift */,
			);
			path = "Utils Extention";
			sourceTree = "<group>";
		};
		706FB0FF2562BB8100ACF3E0 /* Setting */ = {
			isa = PBXGroup;
			children = (
				706FB1002562BB8C00ACF3E0 /* Setting.swift */,
			);
			path = Setting;
			sourceTree = "<group>";
		};
		706FB10D2562CCE200ACF3E0 /* ReusableViews */ = {
			isa = PBXGroup;
			children = (
				706FB10E2562CD1500ACF3E0 /* CardDetailsView.swift */,
				702E03A62562DBAB006CFB22 /* WeatherDetailsView.swift */,
			);
			path = ReusableViews;
			sourceTree = "<group>";
		};
		7072CFC22563FAA500D25AD6 /* Home */ = {
			isa = PBXGroup;
			children = (
				706FB0F22562B72500ACF3E0 /* Model */,
				706FB0F32562B72D00ACF3E0 /* View */,
				706FB0F42562B73600ACF3E0 /* ViewModel */,
			);
			path = Home;
			sourceTree = "<group>";
		};
		70A84F5425641A1E0039594D /* Core Data */ = {
			isa = PBXGroup;
			children = (
				70A84F5525641A2C0039594D /* DataManagement.swift */,
			);
			path = "Core Data";
			sourceTree = "<group>";
		};
		70A84F5F25641C5D0039594D /* HistoryCollectionView */ = {
			isa = PBXGroup;
			children = (
				70A84F6325641D050039594D /* HistoryCollectionView.swift */,
				70A84F6025641C880039594D /* HistoryCollectionViewCell.swift */,
			);
			path = HistoryCollectionView;
			sourceTree = "<group>";
		};
		70A84F6625641DB10039594D /* History */ = {
			isa = PBXGroup;
			children = (
				70A84F6825641DC90039594D /* View */,
				70A84F6725641DC10039594D /* ViewModel */,
			);
			path = History;
			sourceTree = "<group>";
		};
		70A84F6725641DC10039594D /* ViewModel */ = {
			isa = PBXGroup;
			children = (
				70A84F6925641DDC0039594D /* HistoryViewModel.swift */,
			);
			path = ViewModel;
			sourceTree = "<group>";
		};
		70A84F6825641DC90039594D /* View */ = {
			isa = PBXGroup;
			children = (
				70A84F5B25641BDB0039594D /* HistoryVC.swift */,
				70A84F5F25641C5D0039594D /* HistoryCollectionView */,
			);
			path = View;
			sourceTree = "<group>";
		};
/* End PBXGroup section */

/* Begin PBXNativeTarget section */
		706FB0D62562B51800ACF3E0 /* WeatherShow */ = {
			isa = PBXNativeTarget;
			buildConfigurationList = 706FB0EE2562B51900ACF3E0 /* Build configuration list for PBXNativeTarget "WeatherShow" */;
			buildPhases = (
				706FB0D32562B51800ACF3E0 /* Sources */,
				706FB0D42562B51800ACF3E0 /* Frameworks */,
				706FB0D52562B51800ACF3E0 /* Resources */,
			);
			buildRules = (
			);
			dependencies = (
			);
			name = WeatherShow;
			productName = WeatherShow;
			productReference = 706FB0D72562B51800ACF3E0 /* WeatherShow.app */;
			productType = "com.apple.product-type.application";
		};
/* End PBXNativeTarget section */

/* Begin PBXProject section */
		706FB0CF2562B51800ACF3E0 /* Project object */ = {
			isa = PBXProject;
			attributes = {
				LastSwiftUpdateCheck = 1210;
				LastUpgradeCheck = 1210;
				TargetAttributes = {
					706FB0D62562B51800ACF3E0 = {
						CreatedOnToolsVersion = 12.1;
					};
				};
			};
			buildConfigurationList = 706FB0D22562B51800ACF3E0 /* Build configuration list for PBXProject "WeatherShow" */;
			compatibilityVersion = "Xcode 9.3";
			developmentRegion = en;
			hasScannedForEncodings = 0;
			knownRegions = (
				en,
				Base,
			);
			mainGroup = 706FB0CE2562B51800ACF3E0;
			productRefGroup = 706FB0D82562B51800ACF3E0 /* Products */;
			projectDirPath = "";
			projectRoot = "";
			targets = (
				706FB0D62562B51800ACF3E0 /* WeatherShow */,
			);
		};
/* End PBXProject section */

/* Begin PBXResourcesBuildPhase section */
		706FB0D52562B51800ACF3E0 /* Resources */ = {
			isa = PBXResourcesBuildPhase;
			buildActionMask = 2147483647;
			files = (
				706FB0EA2562B51900ACF3E0 /* LaunchScreen.storyboard in Resources */,
				706FB0E72562B51900ACF3E0 /* Assets.xcassets in Resources */,
			);
			runOnlyForDeploymentPostprocessing = 0;
		};
/* End PBXResourcesBuildPhase section */

/* Begin PBXSourcesBuildPhase section */
		706FB0D32562B51800ACF3E0 /* Sources */ = {
			isa = PBXSourcesBuildPhase;
			buildActionMask = 2147483647;
			files = (
				702E03C92562E556006CFB22 /* HttpNetwork.swift in Sources */,
				702E03C62562E539006CFB22 /* ServiceNetworkProtocol.swift in Sources */,
				702E03C32562E51F006CFB22 /* ServiceNetworkTools.swift in Sources */,
				70A84F4D256401620039594D /* Date Extention.swift in Sources */,
				706FB10A2562C0F400ACF3E0 /* WeatherInfoVC.swift in Sources */,
				706FB0E52562B51800ACF3E0 /* WeatherShow.xcdatamodeld in Sources */,
				702E03BC2562E4CE006CFB22 /* Services.swift in Sources */,
				706FB0DB2562B51800ACF3E0 /* AppDelegate.swift in Sources */,
				706FB0DD2562B51800ACF3E0 /* SceneDelegate.swift in Sources */,
				70A84F6A25641DDC0039594D /* HistoryViewModel.swift in Sources */,
				702E03A72562DBAB006CFB22 /* WeatherDetailsView.swift in Sources */,
				706FB1012562BB8C00ACF3E0 /* Setting.swift in Sources */,
				702E03B12562E373006CFB22 /* HomeViewModel.swift in Sources */,
				706FB0FD2562BB6600ACF3E0 /* UIView Constraint.swift in Sources */,
				702E03B42562E3A4006CFB22 /* HomeModel.swift in Sources */,
				70A84F6425641D050039594D /* HistoryCollectionView.swift in Sources */,
				70A84F6125641C880039594D /* HistoryCollectionViewCell.swift in Sources */,
				702E03C02562E4F8006CFB22 /* ServiceNetworkLayer.swift in Sources */,
				706FB10F2562CD1500ACF3E0 /* CardDetailsView.swift in Sources */,
				706FB0F82562B7ED00ACF3E0 /* UserInfoVC.swift in Sources */,
				70A84F5625641A2C0039594D /* DataManagement.swift in Sources */,
				70A84F5C25641BDB0039594D /* HistoryVC.swift in Sources */,
				7072CFC52563FB1400D25AD6 /* HomeVC.swift in Sources */,
				706FB1052562BD5300ACF3E0 /* UIView Controller.swift in Sources */,
			);
			runOnlyForDeploymentPostprocessing = 0;
		};
/* End PBXSourcesBuildPhase section */

/* Begin PBXVariantGroup section */
		706FB0E82562B51900ACF3E0 /* LaunchScreen.storyboard */ = {
			isa = PBXVariantGroup;
			children = (
				706FB0E92562B51900ACF3E0 /* Base */,
			);
			name = LaunchScreen.storyboard;
			sourceTree = "<group>";
		};
/* End PBXVariantGroup section */

/* Begin XCBuildConfiguration section */
		706FB0EC2562B51900ACF3E0 /* Debug */ = {
			isa = XCBuildConfiguration;
			buildSettings = {
				ALWAYS_SEARCH_USER_PATHS = NO;
				CLANG_ANALYZER_NONNULL = YES;
				CLANG_ANALYZER_NUMBER_OBJECT_CONVERSION = YES_AGGRESSIVE;
				CLANG_CXX_LANGUAGE_STANDARD = "gnu++14";
				CLANG_CXX_LIBRARY = "libc++";
				CLANG_ENABLE_MODULES = YES;
				CLANG_ENABLE_OBJC_ARC = YES;
				CLANG_ENABLE_OBJC_WEAK = YES;
				CLANG_WARN_BLOCK_CAPTURE_AUTORELEASING = YES;
				CLANG_WARN_BOOL_CONVERSION = YES;
				CLANG_WARN_COMMA = YES;
				CLANG_WARN_CONSTANT_CONVERSION = YES;
				CLANG_WARN_DEPRECATED_OBJC_IMPLEMENTATIONS = YES;
				CLANG_WARN_DIRECT_OBJC_ISA_USAGE = YES_ERROR;
				CLANG_WARN_DOCUMENTATION_COMMENTS = YES;
				CLANG_WARN_EMPTY_BODY = YES;
				CLANG_WARN_ENUM_CONVERSION = YES;
				CLANG_WARN_INFINITE_RECURSION = YES;
				CLANG_WARN_INT_CONVERSION = YES;
				CLANG_WARN_NON_LITERAL_NULL_CONVERSION = YES;
				CLANG_WARN_OBJC_IMPLICIT_RETAIN_SELF = YES;
				CLANG_WARN_OBJC_LITERAL_CONVERSION = YES;
				CLANG_WARN_OBJC_ROOT_CLASS = YES_ERROR;
				CLANG_WARN_QUOTED_INCLUDE_IN_FRAMEWORK_HEADER = YES;
				CLANG_WARN_RANGE_LOOP_ANALYSIS = YES;
				CLANG_WARN_STRICT_PROTOTYPES = YES;
				CLANG_WARN_SUSPICIOUS_MOVE = YES;
				CLANG_WARN_UNGUARDED_AVAILABILITY = YES_AGGRESSIVE;
				CLANG_WARN_UNREACHABLE_CODE = YES;
				CLANG_WARN__DUPLICATE_METHOD_MATCH = YES;
				COPY_PHASE_STRIP = NO;
				DEBUG_INFORMATION_FORMAT = dwarf;
				ENABLE_STRICT_OBJC_MSGSEND = YES;
				ENABLE_TESTABILITY = YES;
				GCC_C_LANGUAGE_STANDARD = gnu11;
				GCC_DYNAMIC_NO_PIC = NO;
				GCC_NO_COMMON_BLOCKS = YES;
				GCC_OPTIMIZATION_LEVEL = 0;
				GCC_PREPROCESSOR_DEFINITIONS = (
					"DEBUG=1",
					"$(inherited)",
				);
				GCC_WARN_64_TO_32_BIT_CONVERSION = YES;
				GCC_WARN_ABOUT_RETURN_TYPE = YES_ERROR;
				GCC_WARN_UNDECLARED_SELECTOR = YES;
				GCC_WARN_UNINITIALIZED_AUTOS = YES_AGGRESSIVE;
				GCC_WARN_UNUSED_FUNCTION = YES;
				GCC_WARN_UNUSED_VARIABLE = YES;
				IPHONEOS_DEPLOYMENT_TARGET = 14.1;
				MTL_ENABLE_DEBUG_INFO = INCLUDE_SOURCE;
				MTL_FAST_MATH = YES;
				ONLY_ACTIVE_ARCH = YES;
				SDKROOT = iphoneos;
				SWIFT_ACTIVE_COMPILATION_CONDITIONS = DEBUG;
				SWIFT_OPTIMIZATION_LEVEL = "-Onone";
			};
			name = Debug;
		};
		706FB0ED2562B51900ACF3E0 /* Release */ = {
			isa = XCBuildConfiguration;
			buildSettings = {
				ALWAYS_SEARCH_USER_PATHS = NO;
				CLANG_ANALYZER_NONNULL = YES;
				CLANG_ANALYZER_NUMBER_OBJECT_CONVERSION = YES_AGGRESSIVE;
				CLANG_CXX_LANGUAGE_STANDARD = "gnu++14";
				CLANG_CXX_LIBRARY = "libc++";
				CLANG_ENABLE_MODULES = YES;
				CLANG_ENABLE_OBJC_ARC = YES;
				CLANG_ENABLE_OBJC_WEAK = YES;
				CLANG_WARN_BLOCK_CAPTURE_AUTORELEASING = YES;
				CLANG_WARN_BOOL_CONVERSION = YES;
				CLANG_WARN_COMMA = YES;
				CLANG_WARN_CONSTANT_CONVERSION = YES;
				CLANG_WARN_DEPRECATED_OBJC_IMPLEMENTATIONS = YES;
				CLANG_WARN_DIRECT_OBJC_ISA_USAGE = YES_ERROR;
				CLANG_WARN_DOCUMENTATION_COMMENTS = YES;
				CLANG_WARN_EMPTY_BODY = YES;
				CLANG_WARN_ENUM_CONVERSION = YES;
				CLANG_WARN_INFINITE_RECURSION = YES;
				CLANG_WARN_INT_CONVERSION = YES;
				CLANG_WARN_NON_LITERAL_NULL_CONVERSION = YES;
				CLANG_WARN_OBJC_IMPLICIT_RETAIN_SELF = YES;
				CLANG_WARN_OBJC_LITERAL_CONVERSION = YES;
				CLANG_WARN_OBJC_ROOT_CLASS = YES_ERROR;
				CLANG_WARN_QUOTED_INCLUDE_IN_FRAMEWORK_HEADER = YES;
				CLANG_WARN_RANGE_LOOP_ANALYSIS = YES;
				CLANG_WARN_STRICT_PROTOTYPES = YES;
				CLANG_WARN_SUSPICIOUS_MOVE = YES;
				CLANG_WARN_UNGUARDED_AVAILABILITY = YES_AGGRESSIVE;
				CLANG_WARN_UNREACHABLE_CODE = YES;
				CLANG_WARN__DUPLICATE_METHOD_MATCH = YES;
				COPY_PHASE_STRIP = NO;
				DEBUG_INFORMATION_FORMAT = "dwarf-with-dsym";
				ENABLE_NS_ASSERTIONS = NO;
				ENABLE_STRICT_OBJC_MSGSEND = YES;
				GCC_C_LANGUAGE_STANDARD = gnu11;
				GCC_NO_COMMON_BLOCKS = YES;
				GCC_WARN_64_TO_32_BIT_CONVERSION = YES;
				GCC_WARN_ABOUT_RETURN_TYPE = YES_ERROR;
				GCC_WARN_UNDECLARED_SELECTOR = YES;
				GCC_WARN_UNINITIALIZED_AUTOS = YES_AGGRESSIVE;
				GCC_WARN_UNUSED_FUNCTION = YES;
				GCC_WARN_UNUSED_VARIABLE = YES;
				IPHONEOS_DEPLOYMENT_TARGET = 14.1;
				MTL_ENABLE_DEBUG_INFO = NO;
				MTL_FAST_MATH = YES;
				SDKROOT = iphoneos;
				SWIFT_COMPILATION_MODE = wholemodule;
				SWIFT_OPTIMIZATION_LEVEL = "-O";
				VALIDATE_PRODUCT = YES;
			};
			name = Release;
		};
		706FB0EF2562B51900ACF3E0 /* Debug */ = {
			isa = XCBuildConfiguration;
			buildSettings = {
				ASSETCATALOG_COMPILER_APPICON_NAME = AppIcon;
				ASSETCATALOG_COMPILER_GLOBAL_ACCENT_COLOR_NAME = AccentColor;
				CODE_SIGN_STYLE = Automatic;
				INFOPLIST_FILE = WeatherShow/Info.plist;
				LD_RUNPATH_SEARCH_PATHS = (
					"$(inherited)",
					"@executable_path/Frameworks",
				);
				PRODUCT_BUNDLE_IDENTIFIER = com.hooradramezani.WeatherShow;
				PRODUCT_NAME = "$(TARGET_NAME)";
				SWIFT_VERSION = 5.0;
				TARGETED_DEVICE_FAMILY = "1,2";
			};
			name = Debug;
		};
		706FB0F02562B51900ACF3E0 /* Release */ = {
			isa = XCBuildConfiguration;
			buildSettings = {
				ASSETCATALOG_COMPILER_APPICON_NAME = AppIcon;
				ASSETCATALOG_COMPILER_GLOBAL_ACCENT_COLOR_NAME = AccentColor;
				CODE_SIGN_STYLE = Automatic;
				INFOPLIST_FILE = WeatherShow/Info.plist;
				LD_RUNPATH_SEARCH_PATHS = (
					"$(inherited)",
					"@executable_path/Frameworks",
				);
				PRODUCT_BUNDLE_IDENTIFIER = com.hooradramezani.WeatherShow;
				PRODUCT_NAME = "$(TARGET_NAME)";
				SWIFT_VERSION = 5.0;
				TARGETED_DEVICE_FAMILY = "1,2";
			};
			name = Release;
		};
/* End XCBuildConfiguration section */

/* Begin XCConfigurationList section */
		706FB0D22562B51800ACF3E0 /* Build configuration list for PBXProject "WeatherShow" */ = {
			isa = XCConfigurationList;
			buildConfigurations = (
				706FB0EC2562B51900ACF3E0 /* Debug */,
				706FB0ED2562B51900ACF3E0 /* Release */,
			);
			defaultConfigurationIsVisible = 0;
			defaultConfigurationName = Release;
		};
		706FB0EE2562B51900ACF3E0 /* Build configuration list for PBXNativeTarget "WeatherShow" */ = {
			isa = XCConfigurationList;
			buildConfigurations = (
				706FB0EF2562B51900ACF3E0 /* Debug */,
				706FB0F02562B51900ACF3E0 /* Release */,
			);
			defaultConfigurationIsVisible = 0;
			defaultConfigurationName = Release;
		};
/* End XCConfigurationList section */

/* Begin XCVersionGroup section */
		706FB0E32562B51800ACF3E0 /* WeatherShow.xcdatamodeld */ = {
			isa = XCVersionGroup;
			children = (
				706FB0E42562B51800ACF3E0 /* WeatherShow.xcdatamodel */,
			);
			currentVersion = 706FB0E42562B51800ACF3E0 /* WeatherShow.xcdatamodel */;
			path = WeatherShow.xcdatamodeld;
			sourceTree = "<group>";
			versionGroupType = wrapper.xcdatamodel;
		};
/* End XCVersionGroup section */
	};
	rootObject = 706FB0CF2562B51800ACF3E0 /* Project object */;
}
